
Microsoft Visual Studio Solution File, Format Version 12.00
# Visual Studio 15
VisualStudioVersion = 15.0.28307.329
MinimumVisualStudioVersion = 10.0.40219.1
Project("{FAE04EC0-301F-11D3-BF4B-00C04F79EFBC}") = "ApiWeb", "ApiWeb\ApiWeb.csproj", "{77B945A0-EAB1-4DBF-B3C7-C8623717606D}"
EndProject
Global
	GlobalSection(SolutionConfigurationPlatforms) = preSolution
		Debug|Any CPU = Debug|Any CPU
		Release|Any CPU = Release|Any CPU
	EndGlobalSection
	GlobalSection(ProjectConfigurationPlatforms) = postSolution
		{77B945A0-EAB1-4DBF-B3C7-C8623717606D}.Debug|Any CPU.ActiveCfg = Debug|Any CPU
		{77B945A0-EAB1-4DBF-B3C7-C8623717606D}.Debug|Any CPU.Build.0 = Debug|Any CPU
		{77B945A0-EAB1-4DBF-B3C7-C8623717606D}.Release|Any CPU.ActiveCfg = Release|Any CPU
		{77B945A0-EAB1-4DBF-B3C7-C8623717606D}.Release|Any CPU.Build.0 = Release|Any CPU
	EndGlobalSection
	GlobalSection(SolutionProperties) = preSolution
		HideSolutionNode = FALSE
	EndGlobalSection
	GlobalSection(ExtensibilityGlobals) = postSolution
		SolutionGuid = {0C56A62A-6757-45E7-A1FC-24DE31936996}
	EndGlobalSection
EndGlobal
